{
  "lockfile-version": 1,
  "manifest": {
    "schema-version": "1.13.0",
    "install": {
      "go_1_27": {
        "pkg-path": "go_1_27"
      },
      "ko": {
        "pkg-path": "ko",
        "pkg-group": "tools"
      },
      "natscli": {
        "pkg-path": "natscli",
        "pkg-group": "tools"
      }
    },
    "options": {
      "systems": [
        "aarch64-darwin",
        "aarch64-linux",
        "x86_64-linux"
      ]
    }
  },
  "packages": [
    {
      "attr_path": "go_1_27",
      "broken": false,
      "derivation": "/nix/store/bi9bvd550yc9pzvwjn1q9kyj9s2x5xka-go-1.27.1.drv",
      "description": "Go Programming language",
      "install_id": "go_1_27",
      "license": "BSD-3-Clause",
      "locked_url": "https://github.com/flox/nixpkgs?rev=c59305bab2065cfecc4944690d9eedbb56f3a9fa",
      "name": "go-1.27.1",
      "pname": "go_1_27",
      "rev": "c59305bab2065cfecc4944690d9eedbb56f3a9fa",
      "rev_count": 1083223,
      "rev_date": "2026-10-01T02:47:39Z",
      "scrape_date": "2026-10-02T04:59:41.195918Z",
      "stabilities": [
        "staging",
        "unstable"
      ],
      "unfree": false,
      "version": "1.27.1",
      "outputs_to_install": [
        "out"
      ],
      "outputs": {
        "out": "/nix/store/v0l8ihkyjdqqx97g0b8lkllicmalj0lq-go-1.27.1"
      },
      "system": "aarch64-darwin",
      "group": "toplevel",
      "priority": 5
    },
    {
      "attr_path": "go_1_27",
      "broken": false,
      "derivation": "/nix/store/isj7gbb5nx1d2dabhcg2kbmn4xspnnpr-go-1.27.1.drv",
      "description": "Go Programming language",
      "install_id": "go_1_27",
      "license": "BSD-3-Clause",
      "locked_url": "https://github.com/flox/nixpkgs?rev=c59305bab2065cfecc4944690d9eedbb56f3a9fa",
      "name": "go-1.27.1",
      "pname": "go_1_27",
      "rev": "c59305bab2065cfecc4944690d9eedbb56f3a9fa",
      "rev_count": 1083223,
      "rev_date": "2026-10-01T02:47:39Z",
      "scrape_date": "2026-10-02T05:33:11.044471Z",
      "stabilities": [
        "staging",
        "unstable"
      ],
      "unfree": false,
      "version": "1.27.1",
      "outputs_to_install": [
        "out"
      ],
      "outputs": {
        "out": "/nix/store/ba7p38wfl0pm8c1k4a7x9z35yk8kv719-go-1.27.1"
      },
      "system": "aarch64-linux",
      "group": "toplevel",
      "priority": 5
    },
    {
      "attr_path": "go_1_27",
      "broken": false,
      "derivation": "/nix/store/m25kvl9risxly4zlq8y0dfn8q77dwl6l-go-1.27.1.drv",
      "description": "Go Programming language",
      "install_id": "go_1_27",
      "license": "BSD-3-Clause",
      "locked_url": "https://github.com/flox/nixpkgs?rev=c59305bab2065cfecc4944690d9eedbb56f3a9fa",
      "name": "go-1.27.1",
      "pname": "go_1_27",
      "rev": "c59305bab2065cfecc4944690d9eedbb56f3a9fa",
      "rev_count": 1083223,
      "rev_date": "2026-10-01T02:47:39Z",
      "scrape_date": "2026-10-02T06:09:44.636442Z",
      "stabilities": [
        "staging",
        "unstable"
      ],
      "unfree": false,
      "version": "1.27.1",
      "outputs_to_install": [
        "out"
      ],
      "outputs": {
        "out": "/nix/store/pn86sk63a2lpmwx16vj4s5871slkyzfw-go-1.27.1"
      },
      "system": "x86_64-linux",
      "group": "toplevel",
      "priority": 5
    },
    {
      "attr_path": "ko",
      "broken": false,
      "derivation": "/nix/store/nnjsq9qn6wh4c0zypvzbrwma3fk43xpf-ko-0.19.1.drv",
      "description": "Build and deploy Go applications",
      "install_id": "ko",
      "license": "Apache-2.0",
      "locked_url": "https://github.com/flox/nixpkgs?rev=c59305bab2065cfecc4944690d9eedbb56f3a9fa",
      "name": "ko-0.19.1",
      "pname": "ko",
      "rev": "c59305bab2065cfecc4944690d9eedbb56f3a9fa",
      "rev_count": 1083223,
      "rev_date": "2026-10-01T02:47:39Z",
      "scrape_date": "2026-10-02T05:00:02.891166Z",
      "stabilities": [
        "staging",
        "unstable"
      ],
      "unfree": false,
      "version": "0.19.1",
      "outputs_to_install": [
        "out"
      ],
      "outputs": {
        "out": "/nix/store/82m0kz36gcvpvn2s5ic5iz5kp28kzd5d-ko-0.19.1"
      },
      "system": "aarch64-darwin",
      "group": "tools",
      "priority": 5
    },
    {
      "attr_path": "ko",
      "broken": false,
      "derivation": "/nix/store/id97lh9mn4gjxfyp4ycysyb3sm3yflj4-ko-0.19.1.drv",
      "description": "Build and deploy Go applications",
      "install_id": "ko",
      "license": "Apache-2.0",
      "locked_url": "https://github.com/flox/nixpkgs?rev=c59305bab2065cfecc4944690d9eedbb56f3a9fa",
      "name": "ko-0.19.1",
      "pname": "ko",
      "rev": "c59305bab2065cfecc4944690d9eedbb56f3a9fa",
      "rev_count": 1083223,
      "rev_date": "2026-10-01T02:47:39Z",
      "scrape_date": "2026-10-02T05:33:32.942366Z",
      "stabilities": [
        "staging",
        "unstable"
      ],
      "unfree": false,
      "version": "0.19.1",
      "outputs_to_install": [
        "out"
      ],
      "outputs": {
        "out": "/nix/store/7iq77i2kp5b68y727d2lfcz5hcy7v3ym-ko-0.19.1"
      },
      "system": "aarch64-linux",
      "group": "tools",
      "priority": 5
    },
    {
      "attr_path": "ko",
      "broken": false,
      "derivation": "/nix/store/1c413xli55g67g2cjx60mvl9q6zx9s5z-ko-0.19.1.drv",
      "description": "Build and deploy Go applications",
      "install_id": "ko",
      "license": "Apache-2.0",
      "locked_url": "https://github.com/flox/nixpkgs?rev=c59305bab2065cfecc4944690d9eedbb56f3a9fa",
      "name": "ko-0.19.1",
      "pname": "ko",
      "rev": "c59305bab2065cfecc4944690d9eedbb56f3a9fa",
      "rev_count": 1083223,
      "rev_date": "2026-10-01T02:47:39Z",
      "scrape_date": "2026-10-02T06:10:07.500681Z",
      "stabilities": [
        "staging",
        "unstable"
      ],
      "unfree": false,
      "version": "0.19.1",
      "outputs_to_install": [
        "out"
      ],
      "outputs": {
        "out": "/nix/store/s9lpng9972bm1nyg5xyx80mkwybm5b7g-ko-0.19.1"
      },
      "system": "x86_64-linux",
      "group": "tools",
      "priority": 5
    },
    {
      "attr_path": "natscli",
      "broken": false,
      "derivation": "/nix/store/ppn4xfbncsk7avsck0i51r3v1s9xybwd-natscli-0.5.0.drv",
      "description": "NATS Command Line Interface",
      "install_id": "natscli",
      "license": "Apache-2.0",
      "locked_url": "https://github.com/flox/nixpkgs?rev=c59305bab2065cfecc4944690d9eedbb56f3a9fa",
      "name": "natscli-0.5.0",
      "pname": "natscli",
      "rev": "c59305bab2065cfecc4944690d9eedbb56f3a9fa",
      "rev_count": 1083223,
      "rev_date": "2026-10-01T02:47:39Z",
      "scrape_date": "2026-10-02T05:00:12.624947Z",
      "stabilities": [
        "staging",
        "unstable"
      ],
      "unfree": false,
      "version": "0.5.0",
      "outputs_to_install": [
        "out"
      ],
      "outputs": {
        "out": "/nix/store/r126v1f9bis16i65158k1qd25g3xymyy-natscli-0.5.0"
      },
      "system": "aarch64-darwin",
      "group": "tools",
      "priority": 5
    },
    {
      "attr_path": "natscli",
      "broken": false,
      "derivation": "/nix/store/lq9m4hc3m09xvfcjv503dqfc3bga1d6p-natscli-0.5.0.drv",
      "description": "NATS Command Line Interface",
      "install_id": "natscli",
      "license": "Apache-2.0",
      "locked_url": "https://github.com/flox/nixpkgs?rev=c59305bab2065cfecc4944690d9eedbb56f3a9fa",
      "name": "natscli-0.5.0",
      "pname": "natscli",
      "rev": "c59305bab2065cfecc4944690d9eedbb56f3a9fa",
      "rev_count": 1083223,
      "rev_date": "2026-10-01T02:47:39Z",
      "scrape_date": "2026-10-02T05:33:45.981074Z",
      "stabilities": [
        "staging",
        "unstable"
      ],
      "unfree": false,
      "version": "0.5.0",
      "outputs_to_install": [
        "out"
      ],
      "outputs": {
        "out": "/nix/store/lxps4fk6rf7sdxh7whp3l5sb6ms2hq05-natscli-0.5.0"
      },
      "system": "aarch64-linux",
      "group": "tools",
      "priority": 5
    },
    {
      "attr_path": "natscli",
      "broken": false,
      "derivation": "/nix/store/a7x5fw0gq4158vpsx6vnxn66cf605kg2-natscli-0.5.0.drv",
      "description": "NATS Command Line Interface",
      "install_id": "natscli",
      "license": "Apache-2.0",
      "locked_url": "https://github.com/flox/nixpkgs?rev=c59305bab2065cfecc4944690d9eedbb56f3a9fa",
      "name": "natscli-0.5.0",
      "pname": "natscli",
      "rev": "c59305bab2065cfecc4944690d9eedbb56f3a9fa",
      "rev_count": 1083223,
      "rev_date": "2026-10-01T02:47:39Z",
      "scrape_date": "2026-10-02T06:10:22.766654Z",
      "stabilities": [
        "staging",
        "unstable"
      ],
      "unfree": false,
      "version": "0.5.0",
      "outputs_to_install": [
        "out"
      ],
      "outputs": {
        "out": "/nix/store/gh641rj8fkv5nvbz83cp8d6rkfkffs6k-natscli-0.5.0"
      },
      "system": "x86_64-linux",
      "group": "tools",
      "priority": 5
    }
  ]
}
